
Microsoft Visual Studio Solution File, Format Version 12.00
# Visual Studio 15
VisualStudioVersion = 15.0.26730.12
MinimumVisualStudioVersion = 10.0.40219.1
Project("{FAE04EC0-301F-11D3-BF4B-00C04F79EFBC}") = "KeysOnboarding", "KeysOnboarding\KeysOnboarding.csproj", "{64142F6C-8BA3-495A-8DE0-16C85F525427}"
EndProject
Global
	GlobalSection(SolutionConfigurationPlatforms) = preSolution
		Debug|Any CPU = Debug|Any CPU
		Release|Any CPU = Release|Any CPU
	EndGlobalSection
	GlobalSection(ProjectConfigurationPlatforms) = postSolution
		{64142F6C-8BA3-495A-8DE0-16C85F525427}.Debug|Any CPU.ActiveCfg = Debug|Any CPU
		{64142F6C-8BA3-495A-8DE0-16C85F525427}.Debug|Any CPU.Build.0 = Debug|Any CPU
		{64142F6C-8BA3-495A-8DE0-16C85F525427}.Release|Any CPU.ActiveCfg = Release|Any CPU
		{64142F6C-8BA3-495A-8DE0-16C85F525427}.Release|Any CPU.Build.0 = Release|Any CPU
	EndGlobalSection
	GlobalSection(SolutionProperties) = preSolution
		HideSolutionNode = FALSE
	EndGlobalSection
	GlobalSection(ExtensibilityGlobals) = postSolution
		SolutionGuid = {94961E65-0CE6-419A-A21E-273DA04E8251}
	EndGlobalSection
EndGlobal
